
Microsoft Visual Studio Solution File, Format Version 12.00
# Visual Studio Version 16
VisualStudioVersion = 16.0.30709.64
MinimumVisualStudioVersion = 10.0.40219.1
Project("{FAE04EC0-301F-11D3-BF4B-00C04F79EFBC}") = "Notes.Application", "Notes.Application\Notes.Application.csproj", "{ED80E835-EE1A-444B-ACF8-C00075B7248F}"
EndProject
Global
	GlobalSection(SolutionConfigurationPlatforms) = preSolution
		Debug|Any CPU = Debug|Any CPU
		Release|Any CPU = Release|Any CPU
	EndGlobalSection
	GlobalSection(ProjectConfigurationPlatforms) = postSolution
		{ED80E835-EE1A-444B-ACF8-C00075B7248F}.Debug|Any CPU.ActiveCfg = Debug|Any CPU
		{ED80E835-EE1A-444B-ACF8-C00075B7248F}.Debug|Any CPU.Build.0 = Debug|Any CPU
		{ED80E835-EE1A-444B-ACF8-C00075B7248F}.Release|Any CPU.ActiveCfg = Release|Any CPU
		{ED80E835-EE1A-444B-ACF8-C00075B7248F}.Release|Any CPU.Build.0 = Release|Any CPU
	EndGlobalSection
	GlobalSection(SolutionProperties) = preSolution
		HideSolutionNode = FALSE
	EndGlobalSection
	GlobalSection(ExtensibilityGlobals) = postSolution
		SolutionGuid = {C645D36F-ACBE-4C4E-82C2-90EFD6E69628}
	EndGlobalSection
EndGlobal
